// !$*UTF8*$!
{
	archiveVersion = 1;
	classes = {
	};
	objectVersion = 46;
	objects = {

/* Begin PBXBuildFile section */
		233A7B681E58E5DB00440418 /* CameraDispatcher.swift in Sources */ = {isa = PBXBuildFile; fileRef = 233A7B671E58E5DB00440418 /* CameraDispatcher.swift */; };
		233A7B6B1E599A4900440418 /* CameraView.swift in Sources */ = {isa = PBXBuildFile; fileRef = 233A7B6A1E599A4900440418 /* CameraView.swift */; };
		233A7B6F1E599B9700440418 /* CameraViewRequest.swift in Sources */ = {isa = PBXBuildFile; fileRef = 233A7B6E1E599B9700440418 /* CameraViewRequest.swift */; };
		233A7B711E599C3F00440418 /* CameraViewResponse.swift in Sources */ = {isa = PBXBuildFile; fileRef = 233A7B701E599C3F00440418 /* CameraViewResponse.swift */; };
		233A7B751E5A50C700440418 /* TakenPhotoView.swift in Sources */ = {isa = PBXBuildFile; fileRef = 233A7B741E5A50C700440418 /* TakenPhotoView.swift */; };
		234048D21E60ECB000DA9AA8 /* SentImageCollectionViewCell.swift in Sources */ = {isa = PBXBuildFile; fileRef = 234048D11E60ECB000DA9AA8 /* SentImageCollectionViewCell.swift */; };
		23B0CC9B1E5B70FE0038FE4C /* ApiDispatcher.swift in Sources */ = {isa = PBXBuildFile; fileRef = 23B0CC9A1E5B70FE0038FE4C /* ApiDispatcher.swift */; };
		23B0CC9E1E5B71600038FE4C /* SendImageRequest.swift in Sources */ = {isa = PBXBuildFile; fileRef = 23B0CC9D1E5B71600038FE4C /* SendImageRequest.swift */; };
		23B0CCA11E5B7EF20038FE4C /* ApiError.swift in Sources */ = {isa = PBXBuildFile; fileRef = 23B0CCA01E5B7EF20038FE4C /* ApiError.swift */; };
		23C8D5001E5F052600E22BED /* ImageEntity.swift in Sources */ = {isa = PBXBuildFile; fileRef = 23C8D4FF1E5F052600E22BED /* ImageEntity.swift */; };
		23F539FF1E565D4A00966C19 /* AppDelegate.swift in Sources */ = {isa = PBXBuildFile; fileRef = 23F539FE1E565D4A00966C19 /* AppDelegate.swift */; };
		23F53A011E565D4A00966C19 /* ViewController.swift in Sources */ = {isa = PBXBuildFile; fileRef = 23F53A001E565D4A00966C19 /* ViewController.swift */; };
		23F53A041E565D4A00966C19 /* Main.storyboard in Resources */ = {isa = PBXBuildFile; fileRef = 23F53A021E565D4A00966C19 /* Main.storyboard */; };
		23F53A061E565D4A00966C19 /* Assets.xcassets in Resources */ = {isa = PBXBuildFile; fileRef = 23F53A051E565D4A00966C19 /* Assets.xcassets */; };
		23F53A091E565D4A00966C19 /* LaunchScreen.storyboard in Resources */ = {isa = PBXBuildFile; fileRef = 23F53A071E565D4A00966C19 /* LaunchScreen.storyboard */; };
		23F53A111E58574800966C19 /* GalleryViewController.swift in Sources */ = {isa = PBXBuildFile; fileRef = 23F53A101E58574800966C19 /* GalleryViewController.swift */; };
		23F53A161E5857CF00966C19 /* SentImageCollectionView.swift in Sources */ = {isa = PBXBuildFile; fileRef = 23F53A151E5857CF00966C19 /* SentImageCollectionView.swift */; };
		23F53A1B1E585E5D00966C19 /* CameraViewController.swift in Sources */ = {isa = PBXBuildFile; fileRef = 23F53A1A1E585E5D00966C19 /* CameraViewController.swift */; };
		23F53A201E58786800966C19 /* WishlistViewController.swift in Sources */ = {isa = PBXBuildFile; fileRef = 23F53A1F1E58786800966C19 /* WishlistViewController.swift */; };
		23F53A251E587F8B00966C19 /* BaseEntity.swift in Sources */ = {isa = PBXBuildFile; fileRef = 23F53A241E587F8B00966C19 /* BaseEntity.swift */; };
		23FD9AF81E5F340600B23C65 /* ImageDispatcher.swift in Sources */ = {isa = PBXBuildFile; fileRef = 23FD9AF71E5F340600B23C65 /* ImageDispatcher.swift */; };
/* End PBXBuildFile section */

/* Begin PBXFileReference section */
		233A7B671E58E5DB00440418 /* CameraDispatcher.swift */ = {isa = PBXFileReference; fileEncoding = 4; lastKnownFileType = sourcecode.swift; path = CameraDispatcher.swift; sourceTree = "<group>"; };
		233A7B6A1E599A4900440418 /* CameraView.swift */ = {isa = PBXFileReference; fileEncoding = 4; lastKnownFileType = sourcecode.swift; path = CameraView.swift; sourceTree = "<group>"; };
		233A7B6E1E599B9700440418 /* CameraViewRequest.swift */ = {isa = PBXFileReference; fileEncoding = 4; lastKnownFileType = sourcecode.swift; path = CameraViewRequest.swift; sourceTree = "<group>"; };
		233A7B701E599C3F00440418 /* CameraViewResponse.swift */ = {isa = PBXFileReference; fileEncoding = 4; lastKnownFileType = sourcecode.swift; path = CameraViewResponse.swift; sourceTree = "<group>"; };
		233A7B741E5A50C700440418 /* TakenPhotoView.swift */ = {isa = PBXFileReference; fileEncoding = 4; lastKnownFileType = sourcecode.swift; path = TakenPhotoView.swift; sourceTree = "<group>"; };
		234048D11E60ECB000DA9AA8 /* SentImageCollectionViewCell.swift */ = {isa = PBXFileReference; fileEncoding = 4; lastKnownFileType = sourcecode.swift; path = SentImageCollectionViewCell.swift; sourceTree = "<group>"; };
		23B0CC9A1E5B70FE0038FE4C /* ApiDispatcher.swift */ = {isa = PBXFileReference; fileEncoding = 4; lastKnownFileType = sourcecode.swift; path = ApiDispatcher.swift; sourceTree = "<group>"; };
		23B0CC9D1E5B71600038FE4C /* SendImageRequest.swift */ = {isa = PBXFileReference; fileEncoding = 4; lastKnownFileType = sourcecode.swift; path = SendImageRequest.swift; sourceTree = "<group>"; };
		23B0CCA01E5B7EF20038FE4C /* ApiError.swift */ = {isa = PBXFileReference; fileEncoding = 4; lastKnownFileType = sourcecode.swift; path = ApiError.swift; sourceTree = "<group>"; };
		23C8D4FF1E5F052600E22BED /* ImageEntity.swift */ = {isa = PBXFileReference; fileEncoding = 4; lastKnownFileType = sourcecode.swift; path = ImageEntity.swift; sourceTree = "<group>"; };
		23F539FB1E565D4A00966C19 /* maya.app */ = {isa = PBXFileReference; explicitFileType = wrapper.application; includeInIndex = 0; path = maya.app; sourceTree = BUILT_PRODUCTS_DIR; };
		23F539FE1E565D4A00966C19 /* AppDelegate.swift */ = {isa = PBXFileReference; lastKnownFileType = sourcecode.swift; path = AppDelegate.swift; sourceTree = "<group>"; };
		23F53A001E565D4A00966C19 /* ViewController.swift */ = {isa = PBXFileReference; lastKnownFileType = sourcecode.swift; path = ViewController.swift; sourceTree = "<group>"; };
		23F53A031E565D4A00966C19 /* Base */ = {isa = PBXFileReference; lastKnownFileType = file.storyboard; name = Base; path = Base.lproj/Main.storyboard; sourceTree = "<group>"; };
		23F53A051E565D4A00966C19 /* Assets.xcassets */ = {isa = PBXFileReference; lastKnownFileType = folder.assetcatalog; path = Assets.xcassets; sourceTree = "<group>"; };
		23F53A081E565D4A00966C19 /* Base */ = {isa = PBXFileReference; lastKnownFileType = file.storyboard; name = Base; path = Base.lproj/LaunchScreen.storyboard; sourceTree = "<group>"; };
		23F53A0A1E565D4A00966C19 /* Info.plist */ = {isa = PBXFileReference; lastKnownFileType = text.plist.xml; path = Info.plist; sourceTree = "<group>"; };
		23F53A101E58574800966C19 /* GalleryViewController.swift */ = {isa = PBXFileReference; fileEncoding = 4; lastKnownFileType = sourcecode.swift; path = GalleryViewController.swift; sourceTree = "<group>"; };
		23F53A151E5857CF00966C19 /* SentImageCollectionView.swift */ = {isa = PBXFileReference; fileEncoding = 4; lastKnownFileType = sourcecode.swift; path = SentImageCollectionView.swift; sourceTree = "<group>"; };
		23F53A1A1E585E5D00966C19 /* CameraViewController.swift */ = {isa = PBXFileReference; fileEncoding = 4; lastKnownFileType = sourcecode.swift; path = CameraViewController.swift; sourceTree = "<group>"; };
		23F53A1F1E58786800966C19 /* WishlistViewController.swift */ = {isa = PBXFileReference; fileEncoding = 4; lastKnownFileType = sourcecode.swift; path = WishlistViewController.swift; sourceTree = "<group>"; };
		23F53A241E587F8B00966C19 /* BaseEntity.swift */ = {isa = PBXFileReference; fileEncoding = 4; lastKnownFileType = sourcecode.swift; path = BaseEntity.swift; sourceTree = "<group>"; };
		23FD9AF71E5F340600B23C65 /* ImageDispatcher.swift */ = {isa = PBXFileReference; fileEncoding = 4; lastKnownFileType = sourcecode.swift; path = ImageDispatcher.swift; sourceTree = "<group>"; };
/* End PBXFileReference section */

/* Begin PBXFrameworksBuildPhase section */
		23F539F81E565D4A00966C19 /* Frameworks */ = {
			isa = PBXFrameworksBuildPhase;
			buildActionMask = 2147483647;
			files = (
			);
			runOnlyForDeploymentPostprocessing = 0;
		};
/* End PBXFrameworksBuildPhase section */

/* Begin PBXGroup section */
		233A7B661E58E5D000440418 /* Dispatcher */ = {
			isa = PBXGroup;
			children = (
				233A7B671E58E5DB00440418 /* CameraDispatcher.swift */,
			);
			name = Dispatcher;
			sourceTree = "<group>";
		};
		233A7B691E599A3F00440418 /* View */ = {
			isa = PBXGroup;
			children = (
				233A7B6A1E599A4900440418 /* CameraView.swift */,
				233A7B741E5A50C700440418 /* TakenPhotoView.swift */,
			);
			name = View;
			sourceTree = "<group>";
		};
		233A7B6C1E599B6A00440418 /* Request */ = {
			isa = PBXGroup;
			children = (
				233A7B6E1E599B9700440418 /* CameraViewRequest.swift */,
			);
			name = Request;
			sourceTree = "<group>";
		};
		233A7B6D1E599B7200440418 /* Response */ = {
			isa = PBXGroup;
			children = (
				233A7B701E599C3F00440418 /* CameraViewResponse.swift */,
			);
			name = Response;
			sourceTree = "<group>";
		};
		23B0CC9C1E5B71580038FE4C /* Request */ = {
			isa = PBXGroup;
			children = (
				23B0CC9D1E5B71600038FE4C /* SendImageRequest.swift */,
			);
			name = Request;
			sourceTree = "<group>";
		};
		23B0CC9F1E5B7EE90038FE4C /* Error */ = {
			isa = PBXGroup;
			children = (
				23B0CCA01E5B7EF20038FE4C /* ApiError.swift */,
			);
			name = Error;
			sourceTree = "<group>";
		};
		23C8D4FD1E5F050700E22BED /* Image */ = {
			isa = PBXGroup;
			children = (
				23FD9AF61E5F33FD00B23C65 /* Dispatcher */,
				23C8D4FE1E5F050B00E22BED /* Entity */,
			);
			name = Image;
			sourceTree = "<group>";
		};
		23C8D4FE1E5F050B00E22BED /* Entity */ = {
			isa = PBXGroup;
			children = (
				23C8D4FF1E5F052600E22BED /* ImageEntity.swift */,
			);
			name = Entity;
			sourceTree = "<group>";
		};
		23F539F21E565D4A00966C19 = {
			isa = PBXGroup;
			children = (
				23F539FD1E565D4A00966C19 /* maya */,
				23F539FC1E565D4A00966C19 /* Products */,
			);
			sourceTree = "<group>";
		};
		23F539FC1E565D4A00966C19 /* Products */ = {
			isa = PBXGroup;
			children = (
				23F539FB1E565D4A00966C19 /* maya.app */,
			);
			name = Products;
			sourceTree = "<group>";
		};
		23F539FD1E565D4A00966C19 /* maya */ = {
			isa = PBXGroup;
			children = (
				23C8D4FD1E5F050700E22BED /* Image */,
				23F53A211E587E1B00966C19 /* Application */,
				23F53A1D1E58784F00966C19 /* Wishlist */,
				23F53A191E585E4300966C19 /* Camera */,
				23F53A121E58579F00966C19 /* Gallery */,
				23F539FE1E565D4A00966C19 /* AppDelegate.swift */,
				23F53A001E565D4A00966C19 /* ViewController.swift */,
				23F53A021E565D4A00966C19 /* Main.storyboard */,
				23F53A051E565D4A00966C19 /* Assets.xcassets */,
				23F53A071E565D4A00966C19 /* LaunchScreen.storyboard */,
				23F53A0A1E565D4A00966C19 /* Info.plist */,
			);
			path = maya;
			sourceTree = "<group>";
		};
		23F53A121E58579F00966C19 /* Gallery */ = {
			isa = PBXGroup;
			children = (
				23F53A141E5857BA00966C19 /* Controller */,
				23F53A131E5857AF00966C19 /* View */,
			);
			name = Gallery;
			sourceTree = "<group>";
		};
		23F53A131E5857AF00966C19 /* View */ = {
			isa = PBXGroup;
			children = (
				23F53A151E5857CF00966C19 /* SentImageCollectionView.swift */,
				234048D11E60ECB000DA9AA8 /* SentImageCollectionViewCell.swift */,
			);
			name = View;
			sourceTree = "<group>";
		};
		23F53A141E5857BA00966C19 /* Controller */ = {
			isa = PBXGroup;
			children = (
				23F53A101E58574800966C19 /* GalleryViewController.swift */,
			);
			name = Controller;
			sourceTree = "<group>";
		};
		23F53A191E585E4300966C19 /* Camera */ = {
			isa = PBXGroup;
			children = (
				23F53A1C1E585EA800966C19 /* Controller */,
				233A7B661E58E5D000440418 /* Dispatcher */,
				233A7B691E599A3F00440418 /* View */,
				233A7B6C1E599B6A00440418 /* Request */,
				233A7B6D1E599B7200440418 /* Response */,
			);
			name = Camera;
			sourceTree = "<group>";
		};
		23F53A1C1E585EA800966C19 /* Controller */ = {
			isa = PBXGroup;
			children = (
				23F53A1A1E585E5D00966C19 /* CameraViewController.swift */,
			);
			name = Controller;
			sourceTree = "<group>";
		};
		23F53A1D1E58784F00966C19 /* Wishlist */ = {
			isa = PBXGroup;
			children = (
				23F53A1E1E58785700966C19 /* Controller */,
			);
			name = Wishlist;
			sourceTree = "<group>";
		};
		23F53A1E1E58785700966C19 /* Controller */ = {
			isa = PBXGroup;
			children = (
				23F53A1F1E58786800966C19 /* WishlistViewController.swift */,
			);
			name = Controller;
			sourceTree = "<group>";
		};
		23F53A211E587E1B00966C19 /* Application */ = {
			isa = PBXGroup;
			children = (
				23B0CC9F1E5B7EE90038FE4C /* Error */,
				23B0CC9C1E5B71580038FE4C /* Request */,
				23F53A261E5893C300966C19 /* Dispatcher */,
				23F53A231E587F6700966C19 /* Entitiy */,
			);
			name = Application;
			sourceTree = "<group>";
		};
		23F53A231E587F6700966C19 /* Entitiy */ = {
			isa = PBXGroup;
			children = (
				23F53A241E587F8B00966C19 /* BaseEntity.swift */,
			);
			name = Entitiy;
			sourceTree = "<group>";
		};
		23F53A261E5893C300966C19 /* Dispatcher */ = {
			isa = PBXGroup;
			children = (
				23B0CC9A1E5B70FE0038FE4C /* ApiDispatcher.swift */,
			);
			name = Dispatcher;
			sourceTree = "<group>";
		};
		23FD9AF61E5F33FD00B23C65 /* Dispatcher */ = {
			isa = PBXGroup;
			children = (
				23FD9AF71E5F340600B23C65 /* ImageDispatcher.swift */,
			);
			name = Dispatcher;
			sourceTree = "<group>";
		};
/* End PBXGroup section */

/* Begin PBXNativeTarget section */
		23F539FA1E565D4A00966C19 /* maya */ = {
			isa = PBXNativeTarget;
			buildConfigurationList = 23F53A0D1E565D4A00966C19 /* Build configuration list for PBXNativeTarget "maya" */;
			buildPhases = (
				23F539F71E565D4A00966C19 /* Sources */,
				23F539F81E565D4A00966C19 /* Frameworks */,
				23F539F91E565D4A00966C19 /* Resources */,
			);
			buildRules = (
			);
			dependencies = (
			);
			name = maya;
			productName = maya;
			productReference = 23F539FB1E565D4A00966C19 /* maya.app */;
			productType = "com.apple.product-type.application";
		};
/* End PBXNativeTarget section */

/* Begin PBXProject section */
		23F539F31E565D4A00966C19 /* Project object */ = {
			isa = PBXProject;
			attributes = {
				LastSwiftUpdateCheck = 0820;
				LastUpgradeCheck = 0820;
				ORGANIZATIONNAME = "Martin Lasek";
				TargetAttributes = {
					23F539FA1E565D4A00966C19 = {
						CreatedOnToolsVersion = 8.2.1;
						DevelopmentTeam = JLJHFZ4FU8;
						ProvisioningStyle = Automatic;
					};
				};
			};
			buildConfigurationList = 23F539F61E565D4A00966C19 /* Build configuration list for PBXProject "maya" */;
			compatibilityVersion = "Xcode 3.2";
			developmentRegion = English;
			hasScannedForEncodings = 0;
			knownRegions = (
				en,
				Base,
			);
			mainGroup = 23F539F21E565D4A00966C19;
			productRefGroup = 23F539FC1E565D4A00966C19 /* Products */;
			projectDirPath = "";
			projectRoot = "";
			targets = (
				23F539FA1E565D4A00966C19 /* maya */,
			);
		};
/* End PBXProject section */

/* Begin PBXResourcesBuildPhase section */
		23F539F91E565D4A00966C19 /* Resources */ = {
			isa = PBXResourcesBuildPhase;
			buildActionMask = 2147483647;
			files = (
				23F53A091E565D4A00966C19 /* LaunchScreen.storyboard in Resources */,
				23F53A061E565D4A00966C19 /* Assets.xcassets in Resources */,
				23F53A041E565D4A00966C19 /* Main.storyboard in Resources */,
			);
			runOnlyForDeploymentPostprocessing = 0;
		};
/* End PBXResourcesBuildPhase section */

/* Begin PBXSourcesBuildPhase section */
		23F539F71E565D4A00966C19 /* Sources */ = {
			isa = PBXSourcesBuildPhase;
			buildActionMask = 2147483647;
			files = (
				23F53A251E587F8B00966C19 /* BaseEntity.swift in Sources */,
				233A7B681E58E5DB00440418 /* CameraDispatcher.swift in Sources */,
				234048D21E60ECB000DA9AA8 /* SentImageCollectionViewCell.swift in Sources */,
				23F53A111E58574800966C19 /* GalleryViewController.swift in Sources */,
				233A7B751E5A50C700440418 /* TakenPhotoView.swift in Sources */,
				233A7B6B1E599A4900440418 /* CameraView.swift in Sources */,
				233A7B711E599C3F00440418 /* CameraViewResponse.swift in Sources */,
				23B0CC9B1E5B70FE0038FE4C /* ApiDispatcher.swift in Sources */,
				23F53A201E58786800966C19 /* WishlistViewController.swift in Sources */,
				23B0CCA11E5B7EF20038FE4C /* ApiError.swift in Sources */,
				23F53A1B1E585E5D00966C19 /* CameraViewController.swift in Sources */,
				23F53A011E565D4A00966C19 /* ViewController.swift in Sources */,
				233A7B6F1E599B9700440418 /* CameraViewRequest.swift in Sources */,
				23C8D5001E5F052600E22BED /* ImageEntity.swift in Sources */,
				23FD9AF81E5F340600B23C65 /* ImageDispatcher.swift in Sources */,
				23B0CC9E1E5B71600038FE4C /* SendImageRequest.swift in Sources */,
				23F53A161E5857CF00966C19 /* SentImageCollectionView.swift in Sources */,
				23F539FF1E565D4A00966C19 /* AppDelegate.swift in Sources */,
			);
			runOnlyForDeploymentPostprocessing = 0;
		};
/* End PBXSourcesBuildPhase section */

/* Begin PBXVariantGroup section */
		23F53A021E565D4A00966C19 /* Main.storyboard */ = {
			isa = PBXVariantGroup;
			children = (
				23F53A031E565D4A00966C19 /* Base */,
			);
			name = Main.storyboard;
			sourceTree = "<group>";
		};
		23F53A071E565D4A00966C19 /* LaunchScreen.storyboard */ = {
			isa = PBXVariantGroup;
			children = (
				23F53A081E565D4A00966C19 /* Base */,
			);
			name = LaunchScreen.storyboard;
			sourceTree = "<group>";
		};
/* End PBXVariantGroup section */

/* Begin XCBuildConfiguration section */
		23F53A0B1E565D4A00966C19 /* Debug */ = {
			isa = XCBuildConfiguration;
			buildSettings = {
				ALWAYS_SEARCH_USER_PATHS = NO;
				CLANG_ANALYZER_NONNULL = YES;
				CLANG_CXX_LANGUAGE_STANDARD = "gnu++0x";
				CLANG_CXX_LIBRARY = "libc++";
				CLANG_ENABLE_MODULES = YES;
				CLANG_ENABLE_OBJC_ARC = YES;
				CLANG_WARN_BOOL_CONVERSION = YES;
				CLANG_WARN_CONSTANT_CONVERSION = YES;
				CLANG_WARN_DIRECT_OBJC_ISA_USAGE = YES_ERROR;
				CLANG_WARN_DOCUMENTATION_COMMENTS = YES;
				CLANG_WARN_EMPTY_BODY = YES;
				CLANG_WARN_ENUM_CONVERSION = YES;
				CLANG_WARN_INFINITE_RECURSION = YES;
				CLANG_WARN_INT_CONVERSION = YES;
				CLANG_WARN_OBJC_ROOT_CLASS = YES_ERROR;
				CLANG_WARN_SUSPICIOUS_MOVE = YES;
				CLANG_WARN_UNREACHABLE_CODE = YES;
				CLANG_WARN__DUPLICATE_METHOD_MATCH = YES;
				"CODE_SIGN_IDENTITY[sdk=iphoneos*]" = "iPhone Developer";
				COPY_PHASE_STRIP = NO;
				DEBUG_INFORMATION_FORMAT = dwarf;
				ENABLE_STRICT_OBJC_MSGSEND = YES;
				ENABLE_TESTABILITY = YES;
				GCC_C_LANGUAGE_STANDARD = gnu99;
				GCC_DYNAMIC_NO_PIC = NO;
				GCC_NO_COMMON_BLOCKS = YES;
				GCC_OPTIMIZATION_LEVEL = 0;
				GCC_PREPROCESSOR_DEFINITIONS = (
					"DEBUG=1",
					"$(inherited)",
				);
				GCC_WARN_64_TO_32_BIT_CONVERSION = YES;
				GCC_WARN_ABOUT_RETURN_TYPE = YES_ERROR;
				GCC_WARN_UNDECLARED_SELECTOR = YES;
				GCC_WARN_UNINITIALIZED_AUTOS = YES_AGGRESSIVE;
				GCC_WARN_UNUSED_FUNCTION = YES;
				GCC_WARN_UNUSED_VARIABLE = YES;
				IPHONEOS_DEPLOYMENT_TARGET = 10.2;
				MTL_ENABLE_DEBUG_INFO = YES;
				ONLY_ACTIVE_ARCH = YES;
				SDKROOT = iphoneos;
				SWIFT_ACTIVE_COMPILATION_CONDITIONS = DEBUG;
				SWIFT_OPTIMIZATION_LEVEL = "-Onone";
			};
			name = Debug;
		};
		23F53A0C1E565D4A00966C19 /* Release */ = {
			isa = XCBuildConfiguration;
			buildSettings = {
				ALWAYS_SEARCH_USER_PATHS = NO;
				CLANG_ANALYZER_NONNULL = YES;
				CLANG_CXX_LANGUAGE_STANDARD = "gnu++0x";
				CLANG_CXX_LIBRARY = "libc++";
				CLANG_ENABLE_MODULES = YES;
				CLANG_ENABLE_OBJC_ARC = YES;
				CLANG_WARN_BOOL_CONVERSION = YES;
				CLANG_WARN_CONSTANT_CONVERSION = YES;
				CLANG_WARN_DIRECT_OBJC_ISA_USAGE = YES_ERROR;
				CLANG_WARN_DOCUMENTATION_COMMENTS = YES;
				CLANG_WARN_EMPTY_BODY = YES;
				CLANG_WARN_ENUM_CONVERSION = YES;
				CLANG_WARN_INFINITE_RECURSION = YES;
				CLANG_WARN_INT_CONVERSION = YES;
				CLANG_WARN_OBJC_ROOT_CLASS = YES_ERROR;
				CLANG_WARN_SUSPICIOUS_MOVE = YES;
				CLANG_WARN_UNREACHABLE_CODE = YES;
				CLANG_WARN__DUPLICATE_METHOD_MATCH = YES;
				"CODE_SIGN_IDENTITY[sdk=iphoneos*]" = "iPhone Developer";
				COPY_PHASE_STRIP = NO;
				DEBUG_INFORMATION_FORMAT = "dwarf-with-dsym";
				ENABLE_NS_ASSERTIONS = NO;
				ENABLE_STRICT_OBJC_MSGSEND = YES;
				GCC_C_LANGUAGE_STANDARD = gnu99;
				GCC_NO_COMMON_BLOCKS = YES;
				GCC_WARN_64_TO_32_BIT_CONVERSION = YES;
				GCC_WARN_ABOUT_RETURN_TYPE = YES_ERROR;
				GCC_WARN_UNDECLARED_SELECTOR = YES;
				GCC_WARN_UNINITIALIZED_AUTOS = YES_AGGRESSIVE;
				GCC_WARN_UNUSED_FUNCTION = YES;
				GCC_WARN_UNUSED_VARIABLE = YES;
				IPHONEOS_DEPLOYMENT_TARGET = 10.2;
				MTL_ENABLE_DEBUG_INFO = NO;
				SDKROOT = iphoneos;
				SWIFT_OPTIMIZATION_LEVEL = "-Owholemodule";
				VALIDATE_PRODUCT = YES;
			};
			name = Release;
		};
		23F53A0E1E565D4A00966C19 /* Debug */ = {
			isa = XCBuildConfiguration;
			buildSettings = {
				ASSETCATALOG_COMPILER_APPICON_NAME = AppIcon;
				DEVELOPMENT_TEAM = JLJHFZ4FU8;
				INFOPLIST_FILE = maya/Info.plist;
				LD_RUNPATH_SEARCH_PATHS = "$(inherited) @executable_path/Frameworks";
				PRODUCT_BUNDLE_IDENTIFIER = com.martinlasek.maya;
				PRODUCT_NAME = "$(TARGET_NAME)";
				SWIFT_VERSION = 3.0;
			};
			name = Debug;
		};
		23F53A0F1E565D4A00966C19 /* Release */ = {
			isa = XCBuildConfiguration;
			buildSettings = {
				ASSETCATALOG_COMPILER_APPICON_NAME = AppIcon;
				DEVELOPMENT_TEAM = JLJHFZ4FU8;
				INFOPLIST_FILE = maya/Info.plist;
				LD_RUNPATH_SEARCH_PATHS = "$(inherited) @executable_path/Frameworks";
				PRODUCT_BUNDLE_IDENTIFIER = com.martinlasek.maya;
				PRODUCT_NAME = "$(TARGET_NAME)";
				SWIFT_VERSION = 3.0;
			};
			name = Release;
		};
/* End XCBuildConfiguration section */

/* Begin XCConfigurationList section */
		23F539F61E565D4A00966C19 /* Build configuration list for PBXProject "maya" */ = {
			isa = XCConfigurationList;
			buildConfigurations = (
				23F53A0B1E565D4A00966C19 /* Debug */,
				23F53A0C1E565D4A00966C19 /* Release */,
			);
			defaultConfigurationIsVisible = 0;
			defaultConfigurationName = Release;
		};
		23F53A0D1E565D4A00966C19 /* Build configuration list for PBXNativeTarget "maya" */ = {
			isa = XCConfigurationList;
			buildConfigurations = (
				23F53A0E1E565D4A00966C19 /* Debug */,
				23F53A0F1E565D4A00966C19 /* Release */,
			);
			defaultConfigurationIsVisible = 0;
			defaultConfigurationName = Release;
		};
/* End XCConfigurationList section */
	};
	rootObject = 23F539F31E565D4A00966C19 /* Project object */;
}
